
Microsoft Visual Studio Solution File, Format Version 12.00
# Visual Studio 15
VisualStudioVersion = 15.0.27130.2027
MinimumVisualStudioVersion = 10.0.40219.1
Project("{FAE04EC0-301F-11D3-BF4B-00C04F79EFBC}") = "InstagramAccessSample", "InstagramAccessSample\InstagramAccessSample.csproj", "{13DFF26D-8959-4629-997A-AF5AED8ED8A5}"
EndProject
Project("{FAE04EC0-301F-11D3-BF4B-00C04F79EFBC}") = "InstagramAccessSample.Runner", "InstagramAccessSample.Runner\InstagramAccessSample.Runner.csproj", "{5F166929-3BB7-4818-B290-F97BA69A4081}"
EndProject
Global
	GlobalSection(SolutionConfigurationPlatforms) = preSolution
		Debug|Any CPU = Debug|Any CPU
		Release|Any CPU = Release|Any CPU
	EndGlobalSection
	GlobalSection(ProjectConfigurationPlatforms) = postSolution
		{13DFF26D-8959-4629-997A-AF5AED8ED8A5}.Debug|Any CPU.ActiveCfg = Debug|Any CPU
		{13DFF26D-8959-4629-997A-AF5AED8ED8A5}.Debug|Any CPU.Build.0 = Debug|Any CPU
		{13DFF26D-8959-4629-997A-AF5AED8ED8A5}.Release|Any CPU.ActiveCfg = Release|Any CPU
		{13DFF26D-8959-4629-997A-AF5AED8ED8A5}.Release|Any CPU.Build.0 = Release|Any CPU
		{5F166929-3BB7-4818-B290-F97BA69A4081}.Debug|Any CPU.ActiveCfg = Debug|Any CPU
		{5F166929-3BB7-4818-B290-F97BA69A4081}.Debug|Any CPU.Build.0 = Debug|Any CPU
		{5F166929-3BB7-4818-B290-F97BA69A4081}.Release|Any CPU.ActiveCfg = Release|Any CPU
		{5F166929-3BB7-4818-B290-F97BA69A4081}.Release|Any CPU.Build.0 = Release|Any CPU
	EndGlobalSection
	GlobalSection(SolutionProperties) = preSolution
		HideSolutionNode = FALSE
	EndGlobalSection
	GlobalSection(ExtensibilityGlobals) = postSolution
		SolutionGuid = {65AF6CFB-C02D-49B2-9757-979D60207B68}
	EndGlobalSection
EndGlobal
