
Microsoft Visual Studio Solution File, Format Version 12.00
# Visual Studio 15
VisualStudioVersion = 15.0.27130.2036
MinimumVisualStudioVersion = 10.0.40219.1
Project("{FAE04EC0-301F-11D3-BF4B-00C04F79EFBC}") = "SampleWebAppForCross", "SampleWebAppForCross\SampleWebAppForCross.csproj", "{869F3B6C-DF94-4A7E-B17C-A9663AA7FDCD}"
EndProject
Project("{E53339B2-1760-4266-BCC7-CA923CBCF16C}") = "docker-compose", "docker-compose.dcproj", "{CD968E75-12F0-476B-99EE-3B2DDDA4459D}"
EndProject
Global
	GlobalSection(SolutionConfigurationPlatforms) = preSolution
		Debug|Any CPU = Debug|Any CPU
		Release|Any CPU = Release|Any CPU
	EndGlobalSection
	GlobalSection(ProjectConfigurationPlatforms) = postSolution
		{869F3B6C-DF94-4A7E-B17C-A9663AA7FDCD}.Debug|Any CPU.ActiveCfg = Debug|Any CPU
		{869F3B6C-DF94-4A7E-B17C-A9663AA7FDCD}.Debug|Any CPU.Build.0 = Debug|Any CPU
		{869F3B6C-DF94-4A7E-B17C-A9663AA7FDCD}.Release|Any CPU.ActiveCfg = Release|Any CPU
		{869F3B6C-DF94-4A7E-B17C-A9663AA7FDCD}.Release|Any CPU.Build.0 = Release|Any CPU
		{CD968E75-12F0-476B-99EE-3B2DDDA4459D}.Debug|Any CPU.ActiveCfg = Debug|Any CPU
		{CD968E75-12F0-476B-99EE-3B2DDDA4459D}.Debug|Any CPU.Build.0 = Debug|Any CPU
		{CD968E75-12F0-476B-99EE-3B2DDDA4459D}.Release|Any CPU.ActiveCfg = Release|Any CPU
		{CD968E75-12F0-476B-99EE-3B2DDDA4459D}.Release|Any CPU.Build.0 = Release|Any CPU
	EndGlobalSection
	GlobalSection(SolutionProperties) = preSolution
		HideSolutionNode = FALSE
	EndGlobalSection
	GlobalSection(ExtensibilityGlobals) = postSolution
		SolutionGuid = {21B2B2ED-3056-477D-B80D-6F7974A39220}
	EndGlobalSection
EndGlobal
