
Microsoft Visual Studio Solution File, Format Version 12.00
# Visual Studio 15
VisualStudioVersion = 15.0.27130.2027
MinimumVisualStudioVersion = 10.0.40219.1
Project("{FAE04EC0-301F-11D3-BF4B-00C04F79EFBC}") = "SampleFakesAndMocks", "SampleFakesAndMocks\SampleFakesAndMocks.csproj", "{3C16CE32-6017-480A-B64A-348D229335C0}"
EndProject
Project("{FAE04EC0-301F-11D3-BF4B-00C04F79EFBC}") = "SomeoneElsesComponent", "SomeoneElsesComponent\SomeoneElsesComponent.csproj", "{B8D57882-1869-4071-AA13-CD334AAD48E1}"
EndProject
Project("{FAE04EC0-301F-11D3-BF4B-00C04F79EFBC}") = "SampleFakesAndMocks.Tests", "SampleFakesAndMocks.Tests\SampleFakesAndMocks.Tests.csproj", "{D09175A8-6A2C-433B-A916-84153F983C46}"
EndProject
Project("{FAE04EC0-301F-11D3-BF4B-00C04F79EFBC}") = "SampleFakesAndMocks.Runner", "SampleFakesAndMocks.Runner\SampleFakesAndMocks.Runner.csproj", "{AD19CDF2-8DCE-4AE6-8568-864CB4094E1E}"
EndProject
Global
	GlobalSection(SolutionConfigurationPlatforms) = preSolution
		Debug|Any CPU = Debug|Any CPU
		Release|Any CPU = Release|Any CPU
	EndGlobalSection
	GlobalSection(ProjectConfigurationPlatforms) = postSolution
		{3C16CE32-6017-480A-B64A-348D229335C0}.Debug|Any CPU.ActiveCfg = Debug|Any CPU
		{3C16CE32-6017-480A-B64A-348D229335C0}.Debug|Any CPU.Build.0 = Debug|Any CPU
		{3C16CE32-6017-480A-B64A-348D229335C0}.Release|Any CPU.ActiveCfg = Release|Any CPU
		{3C16CE32-6017-480A-B64A-348D229335C0}.Release|Any CPU.Build.0 = Release|Any CPU
		{B8D57882-1869-4071-AA13-CD334AAD48E1}.Debug|Any CPU.ActiveCfg = Debug|Any CPU
		{B8D57882-1869-4071-AA13-CD334AAD48E1}.Debug|Any CPU.Build.0 = Debug|Any CPU
		{B8D57882-1869-4071-AA13-CD334AAD48E1}.Release|Any CPU.ActiveCfg = Release|Any CPU
		{B8D57882-1869-4071-AA13-CD334AAD48E1}.Release|Any CPU.Build.0 = Release|Any CPU
		{D09175A8-6A2C-433B-A916-84153F983C46}.Debug|Any CPU.ActiveCfg = Debug|Any CPU
		{D09175A8-6A2C-433B-A916-84153F983C46}.Debug|Any CPU.Build.0 = Debug|Any CPU
		{D09175A8-6A2C-433B-A916-84153F983C46}.Release|Any CPU.ActiveCfg = Release|Any CPU
		{D09175A8-6A2C-433B-A916-84153F983C46}.Release|Any CPU.Build.0 = Release|Any CPU
		{AD19CDF2-8DCE-4AE6-8568-864CB4094E1E}.Debug|Any CPU.ActiveCfg = Debug|Any CPU
		{AD19CDF2-8DCE-4AE6-8568-864CB4094E1E}.Debug|Any CPU.Build.0 = Debug|Any CPU
		{AD19CDF2-8DCE-4AE6-8568-864CB4094E1E}.Release|Any CPU.ActiveCfg = Release|Any CPU
		{AD19CDF2-8DCE-4AE6-8568-864CB4094E1E}.Release|Any CPU.Build.0 = Release|Any CPU
	EndGlobalSection
	GlobalSection(SolutionProperties) = preSolution
		HideSolutionNode = FALSE
	EndGlobalSection
	GlobalSection(ExtensibilityGlobals) = postSolution
		SolutionGuid = {D60D78CB-64A8-4610-81FC-3298E04AC57F}
	EndGlobalSection
EndGlobal
