
Microsoft Visual Studio Solution File, Format Version 12.00
# Visual Studio 15
VisualStudioVersion = 15.0.27130.2020
MinimumVisualStudioVersion = 10.0.40219.1
Project("{FAE04EC0-301F-11D3-BF4B-00C04F79EFBC}") = "Objects.Server.Tests", "Objects.Server.Tests\Objects.Server.Tests.csproj", "{929899CF-E5FE-4C51-8AFE-12752B688FF3}"
EndProject
Global
	GlobalSection(SolutionConfigurationPlatforms) = preSolution
		Debug|Any CPU = Debug|Any CPU
		Release|Any CPU = Release|Any CPU
	EndGlobalSection
	GlobalSection(ProjectConfigurationPlatforms) = postSolution
		{929899CF-E5FE-4C51-8AFE-12752B688FF3}.Debug|Any CPU.ActiveCfg = Debug|Any CPU
		{929899CF-E5FE-4C51-8AFE-12752B688FF3}.Debug|Any CPU.Build.0 = Debug|Any CPU
		{929899CF-E5FE-4C51-8AFE-12752B688FF3}.Release|Any CPU.ActiveCfg = Release|Any CPU
		{929899CF-E5FE-4C51-8AFE-12752B688FF3}.Release|Any CPU.Build.0 = Release|Any CPU
	EndGlobalSection
	GlobalSection(SolutionProperties) = preSolution
		HideSolutionNode = FALSE
	EndGlobalSection
	GlobalSection(ExtensibilityGlobals) = postSolution
		SolutionGuid = {05ECACFF-9813-4BEB-A575-20D2B4F4E7A6}
	EndGlobalSection
EndGlobal
