
Microsoft Visual Studio Solution File, Format Version 12.00
# Visual Studio 15
VisualStudioVersion = 15.0.27130.2036
MinimumVisualStudioVersion = 10.0.40219.1
Project("{FAE04EC0-301F-11D3-BF4B-00C04F79EFBC}") = "EntityWorker.Core.Library", "EntityWorker.Core.Library\EntityWorker.Core.Library.csproj", "{B69A63BE-3C87-4403-8AC8-91EAF83AC8A0}"
EndProject
Project("{FAE04EC0-301F-11D3-BF4B-00C04F79EFBC}") = "EntityWorker.Core.Runner", "EntityWorker.Core.Runner\EntityWorker.Core.Runner.csproj", "{7D1D61A0-575E-4BE1-9AA3-8E565564B463}"
EndProject
Global
	GlobalSection(SolutionConfigurationPlatforms) = preSolution
		Debug|Any CPU = Debug|Any CPU
		Release|Any CPU = Release|Any CPU
	EndGlobalSection
	GlobalSection(ProjectConfigurationPlatforms) = postSolution
		{B69A63BE-3C87-4403-8AC8-91EAF83AC8A0}.Debug|Any CPU.ActiveCfg = Debug|Any CPU
		{B69A63BE-3C87-4403-8AC8-91EAF83AC8A0}.Debug|Any CPU.Build.0 = Debug|Any CPU
		{B69A63BE-3C87-4403-8AC8-91EAF83AC8A0}.Release|Any CPU.ActiveCfg = Release|Any CPU
		{B69A63BE-3C87-4403-8AC8-91EAF83AC8A0}.Release|Any CPU.Build.0 = Release|Any CPU
		{7D1D61A0-575E-4BE1-9AA3-8E565564B463}.Debug|Any CPU.ActiveCfg = Debug|Any CPU
		{7D1D61A0-575E-4BE1-9AA3-8E565564B463}.Debug|Any CPU.Build.0 = Debug|Any CPU
		{7D1D61A0-575E-4BE1-9AA3-8E565564B463}.Release|Any CPU.ActiveCfg = Release|Any CPU
		{7D1D61A0-575E-4BE1-9AA3-8E565564B463}.Release|Any CPU.Build.0 = Release|Any CPU
	EndGlobalSection
	GlobalSection(SolutionProperties) = preSolution
		HideSolutionNode = FALSE
	EndGlobalSection
	GlobalSection(ExtensibilityGlobals) = postSolution
		SolutionGuid = {A8586BE5-8F9B-4B63-8EE9-7198E51C82D8}
	EndGlobalSection
EndGlobal
