
Microsoft Visual Studio Solution File, Format Version 12.00
# Visual Studio 15
VisualStudioVersion = 15.0.27130.2036
MinimumVisualStudioVersion = 10.0.40219.1
Project("{FAE04EC0-301F-11D3-BF4B-00C04F79EFBC}") = "FakesLib", "FakesLib\FakesLib.csproj", "{687945E8-DA9B-4C14-BD7B-0DF7C036D79D}"
EndProject
Project("{2150E333-8FDC-42A3-9474-1A3956D46DE8}") = "Tests", "Tests", "{C97890EC-4B2F-44B2-9A6C-91900F460854}"
EndProject
Project("{FAE04EC0-301F-11D3-BF4B-00C04F79EFBC}") = "FakesLib.Tests", "Tests\FakesLib.Tests\FakesLib.Tests.csproj", "{B5F38776-69A7-485E-A087-8595BE35593F}"
EndProject
Global
	GlobalSection(SolutionConfigurationPlatforms) = preSolution
		Debug|Any CPU = Debug|Any CPU
		Release|Any CPU = Release|Any CPU
	EndGlobalSection
	GlobalSection(ProjectConfigurationPlatforms) = postSolution
		{687945E8-DA9B-4C14-BD7B-0DF7C036D79D}.Debug|Any CPU.ActiveCfg = Debug|Any CPU
		{687945E8-DA9B-4C14-BD7B-0DF7C036D79D}.Debug|Any CPU.Build.0 = Debug|Any CPU
		{687945E8-DA9B-4C14-BD7B-0DF7C036D79D}.Release|Any CPU.ActiveCfg = Release|Any CPU
		{687945E8-DA9B-4C14-BD7B-0DF7C036D79D}.Release|Any CPU.Build.0 = Release|Any CPU
		{B5F38776-69A7-485E-A087-8595BE35593F}.Debug|Any CPU.ActiveCfg = Debug|Any CPU
		{B5F38776-69A7-485E-A087-8595BE35593F}.Debug|Any CPU.Build.0 = Debug|Any CPU
		{B5F38776-69A7-485E-A087-8595BE35593F}.Release|Any CPU.ActiveCfg = Release|Any CPU
		{B5F38776-69A7-485E-A087-8595BE35593F}.Release|Any CPU.Build.0 = Release|Any CPU
	EndGlobalSection
	GlobalSection(SolutionProperties) = preSolution
		HideSolutionNode = FALSE
	EndGlobalSection
	GlobalSection(NestedProjects) = preSolution
		{B5F38776-69A7-485E-A087-8595BE35593F} = {C97890EC-4B2F-44B2-9A6C-91900F460854}
	EndGlobalSection
	GlobalSection(ExtensibilityGlobals) = postSolution
		SolutionGuid = {2FD94111-38CC-4037-B477-EA0176255005}
	EndGlobalSection
EndGlobal
