
Microsoft Visual Studio Solution File, Format Version 12.00
# Visual Studio 15
VisualStudioVersion = 15.0.27130.2036
MinimumVisualStudioVersion = 10.0.40219.1
Project("{FAE04EC0-301F-11D3-BF4B-00C04F79EFBC}") = "MongoDbAccessSample", "MongoDbAccessSample\MongoDbAccessSample.csproj", "{49752B86-5DE7-4443-91EE-73ADEE395811}"
EndProject
Project("{FAE04EC0-301F-11D3-BF4B-00C04F79EFBC}") = "MongoDbAccessSample.Runner", "MongoDbAccessSample.Runner\MongoDbAccessSample.Runner.csproj", "{914DB6FA-EEA1-4047-9CE9-2CA5DC8C0E86}"
EndProject
Global
	GlobalSection(SolutionConfigurationPlatforms) = preSolution
		Debug|Any CPU = Debug|Any CPU
		Release|Any CPU = Release|Any CPU
	EndGlobalSection
	GlobalSection(ProjectConfigurationPlatforms) = postSolution
		{49752B86-5DE7-4443-91EE-73ADEE395811}.Debug|Any CPU.ActiveCfg = Debug|Any CPU
		{49752B86-5DE7-4443-91EE-73ADEE395811}.Debug|Any CPU.Build.0 = Debug|Any CPU
		{49752B86-5DE7-4443-91EE-73ADEE395811}.Release|Any CPU.ActiveCfg = Release|Any CPU
		{49752B86-5DE7-4443-91EE-73ADEE395811}.Release|Any CPU.Build.0 = Release|Any CPU
		{914DB6FA-EEA1-4047-9CE9-2CA5DC8C0E86}.Debug|Any CPU.ActiveCfg = Debug|Any CPU
		{914DB6FA-EEA1-4047-9CE9-2CA5DC8C0E86}.Debug|Any CPU.Build.0 = Debug|Any CPU
		{914DB6FA-EEA1-4047-9CE9-2CA5DC8C0E86}.Release|Any CPU.ActiveCfg = Release|Any CPU
		{914DB6FA-EEA1-4047-9CE9-2CA5DC8C0E86}.Release|Any CPU.Build.0 = Release|Any CPU
	EndGlobalSection
	GlobalSection(SolutionProperties) = preSolution
		HideSolutionNode = FALSE
	EndGlobalSection
	GlobalSection(ExtensibilityGlobals) = postSolution
		SolutionGuid = {C3D4F54A-60CF-4ACD-BF62-0D7667041714}
	EndGlobalSection
EndGlobal
