
Microsoft Visual Studio Solution File, Format Version 12.00
# Visual Studio 15
VisualStudioVersion = 15.0.27130.2026
MinimumVisualStudioVersion = 10.0.40219.1
Project("{FAE04EC0-301F-11D3-BF4B-00C04F79EFBC}") = "ReportingSample", "ReportingSample\ReportingSample.csproj", "{CD80B417-F7B3-4FCF-BB43-BD00A79A3AB9}"
EndProject
Project("{FAE04EC0-301F-11D3-BF4B-00C04F79EFBC}") = "ReportingSample.DotLiquid", "ReportingSample.DotLiquid\ReportingSample.DotLiquid.csproj", "{6E990BB7-5039-4AF3-A015-227C74F41A01}"
EndProject
Project("{FAE04EC0-301F-11D3-BF4B-00C04F79EFBC}") = "ReportingSample.Nustache", "ReportingSample.Nustache\ReportingSample.Nustache.csproj", "{F6549854-81EF-4517-B9A9-E1F28AD6A60F}"
EndProject
Project("{FAE04EC0-301F-11D3-BF4B-00C04F79EFBC}") = "ReportingSample.MarkDown", "ReportingSample.MarkDown\ReportingSample.MarkDown.csproj", "{8A493764-955D-4585-824F-F698D12C98CF}"
EndProject
Project("{FAE04EC0-301F-11D3-BF4B-00C04F79EFBC}") = "ReportingSample.Spark", "ReportingSample.Spark\ReportingSample.Spark.csproj", "{27AA7C97-ED7E-4274-93A5-B60C861452D3}"
EndProject
Project("{FAE04EC0-301F-11D3-BF4B-00C04F79EFBC}") = "ReportingSample.Runner", "ReportingSample.Runner\ReportingSample.Runner.csproj", "{070745EF-B06A-4B47-9D92-733D4B87260A}"
EndProject
Global
	GlobalSection(SolutionConfigurationPlatforms) = preSolution
		Debug|Any CPU = Debug|Any CPU
		Release|Any CPU = Release|Any CPU
	EndGlobalSection
	GlobalSection(ProjectConfigurationPlatforms) = postSolution
		{CD80B417-F7B3-4FCF-BB43-BD00A79A3AB9}.Debug|Any CPU.ActiveCfg = Debug|Any CPU
		{CD80B417-F7B3-4FCF-BB43-BD00A79A3AB9}.Debug|Any CPU.Build.0 = Debug|Any CPU
		{CD80B417-F7B3-4FCF-BB43-BD00A79A3AB9}.Release|Any CPU.ActiveCfg = Release|Any CPU
		{CD80B417-F7B3-4FCF-BB43-BD00A79A3AB9}.Release|Any CPU.Build.0 = Release|Any CPU
		{6E990BB7-5039-4AF3-A015-227C74F41A01}.Debug|Any CPU.ActiveCfg = Debug|Any CPU
		{6E990BB7-5039-4AF3-A015-227C74F41A01}.Debug|Any CPU.Build.0 = Debug|Any CPU
		{6E990BB7-5039-4AF3-A015-227C74F41A01}.Release|Any CPU.ActiveCfg = Release|Any CPU
		{6E990BB7-5039-4AF3-A015-227C74F41A01}.Release|Any CPU.Build.0 = Release|Any CPU
		{F6549854-81EF-4517-B9A9-E1F28AD6A60F}.Debug|Any CPU.ActiveCfg = Debug|Any CPU
		{F6549854-81EF-4517-B9A9-E1F28AD6A60F}.Debug|Any CPU.Build.0 = Debug|Any CPU
		{F6549854-81EF-4517-B9A9-E1F28AD6A60F}.Release|Any CPU.ActiveCfg = Release|Any CPU
		{F6549854-81EF-4517-B9A9-E1F28AD6A60F}.Release|Any CPU.Build.0 = Release|Any CPU
		{8A493764-955D-4585-824F-F698D12C98CF}.Debug|Any CPU.ActiveCfg = Debug|Any CPU
		{8A493764-955D-4585-824F-F698D12C98CF}.Debug|Any CPU.Build.0 = Debug|Any CPU
		{8A493764-955D-4585-824F-F698D12C98CF}.Release|Any CPU.ActiveCfg = Release|Any CPU
		{8A493764-955D-4585-824F-F698D12C98CF}.Release|Any CPU.Build.0 = Release|Any CPU
		{27AA7C97-ED7E-4274-93A5-B60C861452D3}.Debug|Any CPU.ActiveCfg = Debug|Any CPU
		{27AA7C97-ED7E-4274-93A5-B60C861452D3}.Debug|Any CPU.Build.0 = Debug|Any CPU
		{27AA7C97-ED7E-4274-93A5-B60C861452D3}.Release|Any CPU.ActiveCfg = Release|Any CPU
		{27AA7C97-ED7E-4274-93A5-B60C861452D3}.Release|Any CPU.Build.0 = Release|Any CPU
		{070745EF-B06A-4B47-9D92-733D4B87260A}.Debug|Any CPU.ActiveCfg = Debug|Any CPU
		{070745EF-B06A-4B47-9D92-733D4B87260A}.Debug|Any CPU.Build.0 = Debug|Any CPU
		{070745EF-B06A-4B47-9D92-733D4B87260A}.Release|Any CPU.ActiveCfg = Release|Any CPU
		{070745EF-B06A-4B47-9D92-733D4B87260A}.Release|Any CPU.Build.0 = Release|Any CPU
	EndGlobalSection
	GlobalSection(SolutionProperties) = preSolution
		HideSolutionNode = FALSE
	EndGlobalSection
	GlobalSection(ExtensibilityGlobals) = postSolution
		SolutionGuid = {40FF8F68-2A38-4D8F-B8E4-C4DCAAA50698}
	EndGlobalSection
EndGlobal
