
Microsoft Visual Studio Solution File, Format Version 12.00
# Visual Studio 15
VisualStudioVersion = 15.0.27130.2027
MinimumVisualStudioVersion = 10.0.40219.1
Project("{FAE04EC0-301F-11D3-BF4B-00C04F79EFBC}") = "SingleResponsibilityPrinciple", "SingleResponsibilityPrinciple\SingleResponsibilityPrinciple.csproj", "{0A6CE99A-352F-4A3B-A00A-4EE70AFDDEBE}"
EndProject
Project("{FAE04EC0-301F-11D3-BF4B-00C04F79EFBC}") = "SingleResponsibilityPrinciple.Runner", "SingleResponsibilityPrinciple.Runner\SingleResponsibilityPrinciple.Runner.csproj", "{DE267BB9-9D3A-49E2-82C7-67AC0A460C1D}"
EndProject
Project("{FAE04EC0-301F-11D3-BF4B-00C04F79EFBC}") = "SingleResponsibilityPrinciple.Tests", "SingleResponsibilityPrinciple.Tests\SingleResponsibilityPrinciple.Tests.csproj", "{5CE5890F-BA42-41B2-BA6A-098B6ADA4B9A}"
EndProject
Global
	GlobalSection(SolutionConfigurationPlatforms) = preSolution
		Debug|Any CPU = Debug|Any CPU
		Release|Any CPU = Release|Any CPU
	EndGlobalSection
	GlobalSection(ProjectConfigurationPlatforms) = postSolution
		{0A6CE99A-352F-4A3B-A00A-4EE70AFDDEBE}.Debug|Any CPU.ActiveCfg = Debug|Any CPU
		{0A6CE99A-352F-4A3B-A00A-4EE70AFDDEBE}.Debug|Any CPU.Build.0 = Debug|Any CPU
		{0A6CE99A-352F-4A3B-A00A-4EE70AFDDEBE}.Release|Any CPU.ActiveCfg = Release|Any CPU
		{0A6CE99A-352F-4A3B-A00A-4EE70AFDDEBE}.Release|Any CPU.Build.0 = Release|Any CPU
		{DE267BB9-9D3A-49E2-82C7-67AC0A460C1D}.Debug|Any CPU.ActiveCfg = Debug|Any CPU
		{DE267BB9-9D3A-49E2-82C7-67AC0A460C1D}.Debug|Any CPU.Build.0 = Debug|Any CPU
		{DE267BB9-9D3A-49E2-82C7-67AC0A460C1D}.Release|Any CPU.ActiveCfg = Release|Any CPU
		{DE267BB9-9D3A-49E2-82C7-67AC0A460C1D}.Release|Any CPU.Build.0 = Release|Any CPU
		{5CE5890F-BA42-41B2-BA6A-098B6ADA4B9A}.Debug|Any CPU.ActiveCfg = Debug|Any CPU
		{5CE5890F-BA42-41B2-BA6A-098B6ADA4B9A}.Debug|Any CPU.Build.0 = Debug|Any CPU
		{5CE5890F-BA42-41B2-BA6A-098B6ADA4B9A}.Release|Any CPU.ActiveCfg = Release|Any CPU
		{5CE5890F-BA42-41B2-BA6A-098B6ADA4B9A}.Release|Any CPU.Build.0 = Release|Any CPU
	EndGlobalSection
	GlobalSection(SolutionProperties) = preSolution
		HideSolutionNode = FALSE
	EndGlobalSection
	GlobalSection(ExtensibilityGlobals) = postSolution
		SolutionGuid = {7A996703-0A9E-4027-B699-E976C47B9975}
	EndGlobalSection
EndGlobal
