
Microsoft Visual Studio Solution File, Format Version 12.00
# Visual Studio 15
VisualStudioVersion = 15.0.27130.2020
MinimumVisualStudioVersion = 10.0.40219.1
Project("{FAE04EC0-301F-11D3-BF4B-00C04F79EFBC}") = "Objects.Runner", "Objects.Runner\Objects.Runner.csproj", "{CF0BC169-ECAF-4585-81EC-422307182C59}"
EndProject
Project("{FAE04EC0-301F-11D3-BF4B-00C04F79EFBC}") = "Objects.Server", "Objects.Server\Objects.Server.csproj", "{C2EC5A60-BF6B-42C9-AD9E-4BBA2DAAAC6F}"
EndProject
Project("{FAE04EC0-301F-11D3-BF4B-00C04F79EFBC}") = "Objects.Model", "Objects.Model\Objects.Model.csproj", "{B8C35BB3-2A0F-4B65-987E-C54D2A0FC9EB}"
EndProject
Project("{FAE04EC0-301F-11D3-BF4B-00C04F79EFBC}") = "Objects.Server.Tests", "Objects.Server.Tests\Objects.Server.Tests.csproj", "{86DF7972-291D-4731-AF35-6B3866FF151F}"
EndProject
Global
	GlobalSection(SolutionConfigurationPlatforms) = preSolution
		Debug|Any CPU = Debug|Any CPU
		Release|Any CPU = Release|Any CPU
	EndGlobalSection
	GlobalSection(ProjectConfigurationPlatforms) = postSolution
		{CF0BC169-ECAF-4585-81EC-422307182C59}.Debug|Any CPU.ActiveCfg = Debug|Any CPU
		{CF0BC169-ECAF-4585-81EC-422307182C59}.Debug|Any CPU.Build.0 = Debug|Any CPU
		{CF0BC169-ECAF-4585-81EC-422307182C59}.Release|Any CPU.ActiveCfg = Release|Any CPU
		{CF0BC169-ECAF-4585-81EC-422307182C59}.Release|Any CPU.Build.0 = Release|Any CPU
		{C2EC5A60-BF6B-42C9-AD9E-4BBA2DAAAC6F}.Debug|Any CPU.ActiveCfg = Debug|Any CPU
		{C2EC5A60-BF6B-42C9-AD9E-4BBA2DAAAC6F}.Debug|Any CPU.Build.0 = Debug|Any CPU
		{C2EC5A60-BF6B-42C9-AD9E-4BBA2DAAAC6F}.Release|Any CPU.ActiveCfg = Release|Any CPU
		{C2EC5A60-BF6B-42C9-AD9E-4BBA2DAAAC6F}.Release|Any CPU.Build.0 = Release|Any CPU
		{B8C35BB3-2A0F-4B65-987E-C54D2A0FC9EB}.Debug|Any CPU.ActiveCfg = Debug|Any CPU
		{B8C35BB3-2A0F-4B65-987E-C54D2A0FC9EB}.Debug|Any CPU.Build.0 = Debug|Any CPU
		{B8C35BB3-2A0F-4B65-987E-C54D2A0FC9EB}.Release|Any CPU.ActiveCfg = Release|Any CPU
		{B8C35BB3-2A0F-4B65-987E-C54D2A0FC9EB}.Release|Any CPU.Build.0 = Release|Any CPU
		{86DF7972-291D-4731-AF35-6B3866FF151F}.Debug|Any CPU.ActiveCfg = Debug|Any CPU
		{86DF7972-291D-4731-AF35-6B3866FF151F}.Debug|Any CPU.Build.0 = Debug|Any CPU
		{86DF7972-291D-4731-AF35-6B3866FF151F}.Release|Any CPU.ActiveCfg = Release|Any CPU
		{86DF7972-291D-4731-AF35-6B3866FF151F}.Release|Any CPU.Build.0 = Release|Any CPU
	EndGlobalSection
	GlobalSection(SolutionProperties) = preSolution
		HideSolutionNode = FALSE
	EndGlobalSection
	GlobalSection(ExtensibilityGlobals) = postSolution
		SolutionGuid = {4356F22E-00E7-4669-948E-AD9B9061EBD0}
	EndGlobalSection
EndGlobal
